<?xml version="1.0" encoding="UTF-8" standalone="yes" ?>
<CodeBlocks_project_file>
	<FileVersion major="1" minor="6" />
	<Project>
		<Option title="eceCraft" />
		<Option pch_mode="2" />
		<Option compiler="gcc" />
		<Build>
			<Target title="Debug">
				<Option output="bin/Debug/eceCraft" prefix_auto="1" extension_auto="1" />
				<Option object_output="obj/Debug/" />
				<Option type="1" />
				<Option compiler="gcc" />
				<Compiler>
					<Add option="-g" />
				</Compiler>
				<Linker>
					<Add library="alleg" />
				</Linker>
			</Target>
			<Target title="Release">
				<Option output="bin/Release/eceCraft" prefix_auto="1" extension_auto="1" />
				<Option object_output="obj/Release/" />
				<Option type="1" />
				<Option compiler="gcc" />
				<Compiler>
					<Add option="-O2" />
				</Compiler>
				<Linker>
					<Add option="-s" />
				</Linker>
			</Target>
		</Build>
		<Compiler>
			<Add option="-Wall" />
			<Add option="-Wno-unused-result" />
		</Compiler>
		<Linker>
			<Add library="alleg" />
		</Linker>
		<Unit filename="auto.c">
			<Option compilerVar="CC" />
		</Unit>
		<Unit filename="auto.h" />
		<Unit filename="chaine.c">
			<Option compilerVar="CC" />
		</Unit>
		<Unit filename="chaine.h" />
		<Unit filename="chaine_b.c">
			<Option compilerVar="CC" />
		</Unit>
		<Unit filename="chaine_b.h" />
		<Unit filename="draw.c">
			<Option compilerVar="CC" />
		</Unit>
		<Unit filename="draw.h" />
		<Unit filename="evennement.c">
			<Option compilerVar="CC" />
		</Unit>
		<Unit filename="evennement.h" />
		<Unit filename="load.c">
			<Option compilerVar="CC" />
		</Unit>
		<Unit filename="load.h" />
		<Unit filename="main.c">
			<Option compilerVar="CC" />
		</Unit>
		<Unit filename="menu.c">
			<Option compilerVar="CC" />
		</Unit>
		<Unit filename="menu.h" />
		<Extensions>
			<code_completion />
			<debugger />
		</Extensions>
	</Project>
</CodeBlocks_project_file>
